
Microsoft Visual Studio Solution File, Format Version 12.00
# Visual Studio Version 17
VisualStudioVersion = 17.2.32516.85
MinimumVisualStudioVersion = 10.0.40219.1
Project("{FAE04EC0-301F-11D3-BF4B-00C04F79EFBC}") = "RestSharp_API", "RestSharp_API\RestSharp_API.csproj", "{0B745D0D-FE15-4F26-8FEA-86A488551086}"
EndProject
Global
	GlobalSection(SolutionConfigurationPlatforms) = preSolution
		Debug|Any CPU = Debug|Any CPU
		Release|Any CPU = Release|Any CPU
	EndGlobalSection
	GlobalSection(ProjectConfigurationPlatforms) = postSolution
		{0B745D0D-FE15-4F26-8FEA-86A488551086}.Debug|Any CPU.ActiveCfg = Debug|Any CPU
		{0B745D0D-FE15-4F26-8FEA-86A488551086}.Debug|Any CPU.Build.0 = Debug|Any CPU
		{0B745D0D-FE15-4F26-8FEA-86A488551086}.Release|Any CPU.ActiveCfg = Release|Any CPU
		{0B745D0D-FE15-4F26-8FEA-86A488551086}.Release|Any CPU.Build.0 = Release|Any CPU
	EndGlobalSection
	GlobalSection(SolutionProperties) = preSolution
		HideSolutionNode = FALSE
	EndGlobalSection
	GlobalSection(ExtensibilityGlobals) = postSolution
		SolutionGuid = {D2849330-3D0A-44CB-8413-D666267D56F4}
	EndGlobalSection
EndGlobal
